Microsoft Visual Studio Solution File, Format Version 11.00
# Visual Studio 2008

Project("{B62C1068-0899-5541-097E-48F85459C769}") = "ModbotPathPlan", "Assembly-CSharp-vs.csproj", "{6568ABBE-B1B1-454F-D513-1849D0433723}"
EndProject
Global
	GlobalSection(SolutionConfigurationPlatforms) = preSolution
		Debug|Any CPU = Debug|Any CPU
		Release|Any CPU = Release|Any CPU
	EndGlobalSection
	GlobalSection(ProjectConfigurationPlatforms) = postSolution
		{6568ABBE-B1B1-454F-D513-1849D0433723}.Debug|Any CPU.ActiveCfg = Debug|Any CPU
		{6568ABBE-B1B1-454F-D513-1849D0433723}.Debug|Any CPU.Build.0 = Debug|Any CPU
		{6568ABBE-B1B1-454F-D513-1849D0433723}.Release|Any CPU.ActiveCfg = Release|Any CPU
		{6568ABBE-B1B1-454F-D513-1849D0433723}.Release|Any CPU.Build.0 = Release|Any CPU
	EndGlobalSection
	GlobalSection(SolutionProperties) = preSolution
		HideSolutionNode = FALSE
	EndGlobalSection
																				GlobalSection(MonoDevelopProperties) = preSolution
		StartupItem = Assembly-CSharp.csproj
		Policies = $0
		$0.TextStylePolicy = $1
		$1.inheritsSet = null
		$1.scope = text/x-csharp
		$0.CSharpFormattingPolicy = $2
		$2.inheritsSet = Mono
		$2.inheritsScope = text/x-csharp
		$2.scope = text/x-csharp
		$0.TextStylePolicy = $3
		$3.FileWidth = 120
		$3.TabWidth = 4
		$3.IndentWidth = 4
		$3.EolMarker = Unix
		$3.inheritsSet = Mono
		$3.inheritsScope = text/plain
		$3.scope = text/plain
	EndGlobalSection

EndGlobal
